
Microsoft Visual Studio Solution File, Format Version 12.00
# Visual Studio Version 17
VisualStudioVersion = 17.8.34330.188
MinimumVisualStudioVersion = 10.0.40219.1
Project("{FAE04EC0-301F-11D3-BF4B-00C04F79EFBC}") = "6.6.1", "6.6.1\6.6.1.csproj", "{CC75EA6E-A1A5-4993-864D-DFFA41113369}"
EndProject
Global
	GlobalSection(SolutionConfigurationPlatforms) = preSolution
		Debug|Any CPU = Debug|Any CPU
		Release|Any CPU = Release|Any CPU
	EndGlobalSection
	GlobalSection(ProjectConfigurationPlatforms) = postSolution
		{CC75EA6E-A1A5-4993-864D-DFFA41113369}.Debug|Any CPU.ActiveCfg = Debug|Any CPU
		{CC75EA6E-A1A5-4993-864D-DFFA41113369}.Debug|Any CPU.Build.0 = Debug|Any CPU
		{CC75EA6E-A1A5-4993-864D-DFFA41113369}.Release|Any CPU.ActiveCfg = Release|Any CPU
		{CC75EA6E-A1A5-4993-864D-DFFA41113369}.Release|Any CPU.Build.0 = Release|Any CPU
	EndGlobalSection
	GlobalSection(SolutionProperties) = preSolution
		HideSolutionNode = FALSE
	EndGlobalSection
	GlobalSection(ExtensibilityGlobals) = postSolution
		SolutionGuid = {F617FBEA-9EB1-495C-8C68-9D3D91C7B738}
	EndGlobalSection
EndGlobal
